
Microsoft Visual Studio Solution File, Format Version 12.00
# Visual Studio 15
VisualStudioVersion = 15.0.26124.0
MinimumVisualStudioVersion = 15.0.26124.0
Project("{FAE04EC0-301F-11D3-BF4B-00C04F79EFBC}") = "Geode", "Geode\Geode.csproj", "{93ADB897-2A7A-4752-B98C-16D40F54678C}"
EndProject
Project("{FAE04EC0-301F-11D3-BF4B-00C04F79EFBC}") = "Geode.Tests", "Geode.Tests\Geode.Tests.csproj", "{6C3166C0-5A3C-4E61-9D95-2F605896E66F}"
EndProject
Project("{FAE04EC0-301F-11D3-BF4B-00C04F79EFBC}") = "Geode.Web", "Geode.Web\Geode.Web.csproj", "{62B78DF7-1A21-4D03-A46D-955A1CAEFD0E}"
EndProject
Project("{FAE04EC0-301F-11D3-BF4B-00C04F79EFBC}") = "Geode.CodeAnalysis", "Geode.CodeAnalysis\Geode.CodeAnalysis.csproj", "{0C99FAC7-E82E-4AE4-ACDD-EA821D6B99E9}"
EndProject
Global
	GlobalSection(SolutionConfigurationPlatforms) = preSolution
		Debug|Any CPU = Debug|Any CPU
		Debug|x64 = Debug|x64
		Debug|x86 = Debug|x86
		Release|Any CPU = Release|Any CPU
		Release|x64 = Release|x64
		Release|x86 = Release|x86
	EndGlobalSection
	GlobalSection(SolutionProperties) = preSolution
		HideSolutionNode = FALSE
	EndGlobalSection
	GlobalSection(ProjectConfigurationPlatforms) = postSolution
		{93ADB897-2A7A-4752-B98C-16D40F54678C}.Debug|Any CPU.ActiveCfg = Debug|Any CPU
		{93ADB897-2A7A-4752-B98C-16D40F54678C}.Debug|Any CPU.Build.0 = Debug|Any CPU
		{93ADB897-2A7A-4752-B98C-16D40F54678C}.Debug|x64.ActiveCfg = Debug|Any CPU
		{93ADB897-2A7A-4752-B98C-16D40F54678C}.Debug|x64.Build.0 = Debug|Any CPU
		{93ADB897-2A7A-4752-B98C-16D40F54678C}.Debug|x86.ActiveCfg = Debug|Any CPU
		{93ADB897-2A7A-4752-B98C-16D40F54678C}.Debug|x86.Build.0 = Debug|Any CPU
		{93ADB897-2A7A-4752-B98C-16D40F54678C}.Release|Any CPU.ActiveCfg = Release|Any CPU
		{93ADB897-2A7A-4752-B98C-16D40F54678C}.Release|Any CPU.Build.0 = Release|Any CPU
		{93ADB897-2A7A-4752-B98C-16D40F54678C}.Release|x64.ActiveCfg = Release|Any CPU
		{93ADB897-2A7A-4752-B98C-16D40F54678C}.Release|x64.Build.0 = Release|Any CPU
		{93ADB897-2A7A-4752-B98C-16D40F54678C}.Release|x86.ActiveCfg = Release|Any CPU
		{93ADB897-2A7A-4752-B98C-16D40F54678C}.Release|x86.Build.0 = Release|Any CPU
		{6C3166C0-5A3C-4E61-9D95-2F605896E66F}.Debug|Any CPU.ActiveCfg = Debug|Any CPU
		{6C3166C0-5A3C-4E61-9D95-2F605896E66F}.Debug|Any CPU.Build.0 = Debug|Any CPU
		{6C3166C0-5A3C-4E61-9D95-2F605896E66F}.Debug|x64.ActiveCfg = Debug|Any CPU
		{6C3166C0-5A3C-4E61-9D95-2F605896E66F}.Debug|x64.Build.0 = Debug|Any CPU
		{6C3166C0-5A3C-4E61-9D95-2F605896E66F}.Debug|x86.ActiveCfg = Debug|Any CPU
		{6C3166C0-5A3C-4E61-9D95-2F605896E66F}.Debug|x86.Build.0 = Debug|Any CPU
		{6C3166C0-5A3C-4E61-9D95-2F605896E66F}.Release|Any CPU.ActiveCfg = Release|Any CPU
		{6C3166C0-5A3C-4E61-9D95-2F605896E66F}.Release|Any CPU.Build.0 = Release|Any CPU
		{6C3166C0-5A3C-4E61-9D95-2F605896E66F}.Release|x64.ActiveCfg = Release|Any CPU
		{6C3166C0-5A3C-4E61-9D95-2F605896E66F}.Release|x64.Build.0 = Release|Any CPU
		{6C3166C0-5A3C-4E61-9D95-2F605896E66F}.Release|x86.ActiveCfg = Release|Any CPU
		{6C3166C0-5A3C-4E61-9D95-2F605896E66F}.Release|x86.Build.0 = Release|Any CPU
		{62B78DF7-1A21-4D03-A46D-955A1CAEFD0E}.Debug|Any CPU.ActiveCfg = Debug|Any CPU
		{62B78DF7-1A21-4D03-A46D-955A1CAEFD0E}.Debug|Any CPU.Build.0 = Debug|Any CPU
		{62B78DF7-1A21-4D03-A46D-955A1CAEFD0E}.Debug|x64.ActiveCfg = Debug|Any CPU
		{62B78DF7-1A21-4D03-A46D-955A1CAEFD0E}.Debug|x64.Build.0 = Debug|Any CPU
		{62B78DF7-1A21-4D03-A46D-955A1CAEFD0E}.Debug|x86.ActiveCfg = Debug|Any CPU
		{62B78DF7-1A21-4D03-A46D-955A1CAEFD0E}.Debug|x86.Build.0 = Debug|Any CPU
		{62B78DF7-1A21-4D03-A46D-955A1CAEFD0E}.Release|Any CPU.ActiveCfg = Release|Any CPU
		{62B78DF7-1A21-4D03-A46D-955A1CAEFD0E}.Release|Any CPU.Build.0 = Release|Any CPU
		{62B78DF7-1A21-4D03-A46D-955A1CAEFD0E}.Release|x64.ActiveCfg = Release|Any CPU
		{62B78DF7-1A21-4D03-A46D-955A1CAEFD0E}.Release|x64.Build.0 = Release|Any CPU
		{62B78DF7-1A21-4D03-A46D-955A1CAEFD0E}.Release|x86.ActiveCfg = Release|Any CPU
		{62B78DF7-1A21-4D03-A46D-955A1CAEFD0E}.Release|x86.Build.0 = Release|Any CPU
		{0C99FAC7-E82E-4AE4-ACDD-EA821D6B99E9}.Debug|Any CPU.ActiveCfg = Debug|Any CPU
		{0C99FAC7-E82E-4AE4-ACDD-EA821D6B99E9}.Debug|Any CPU.Build.0 = Debug|Any CPU
		{0C99FAC7-E82E-4AE4-ACDD-EA821D6B99E9}.Debug|x64.ActiveCfg = Debug|Any CPU
		{0C99FAC7-E82E-4AE4-ACDD-EA821D6B99E9}.Debug|x64.Build.0 = Debug|Any CPU
		{0C99FAC7-E82E-4AE4-ACDD-EA821D6B99E9}.Debug|x86.ActiveCfg = Debug|Any CPU
		{0C99FAC7-E82E-4AE4-ACDD-EA821D6B99E9}.Debug|x86.Build.0 = Debug|Any CPU
		{0C99FAC7-E82E-4AE4-ACDD-EA821D6B99E9}.Release|Any CPU.ActiveCfg = Release|Any CPU
		{0C99FAC7-E82E-4AE4-ACDD-EA821D6B99E9}.Release|Any CPU.Build.0 = Release|Any CPU
		{0C99FAC7-E82E-4AE4-ACDD-EA821D6B99E9}.Release|x64.ActiveCfg = Release|Any CPU
		{0C99FAC7-E82E-4AE4-ACDD-EA821D6B99E9}.Release|x64.Build.0 = Release|Any CPU
		{0C99FAC7-E82E-4AE4-ACDD-EA821D6B99E9}.Release|x86.ActiveCfg = Release|Any CPU
		{0C99FAC7-E82E-4AE4-ACDD-EA821D6B99E9}.Release|x86.Build.0 = Release|Any CPU
	EndGlobalSection
EndGlobal
